
Microsoft Visual Studio Solution File, Format Version 12.00
# Visual Studio Version 17
VisualStudioVersion = 17.14.36930.0 d17.14
MinimumVisualStudioVersion = 10.0.40219.1
Project("{FAE04EC0-301F-11D3-BF4B-00C04F79EFBC}") = "PureDelivery.Achievments.API", "PureDelivery.Achievments.API\PureDelivery.Achievments.API.csproj", "{732F9F1E-4FBA-4C0A-90EE-CE38CCA27EE2}"
	ProjectSection(ProjectDependencies) = postProject
		{33C59698-9A95-4AEF-9F93-48325F66EC80} = {33C59698-9A95-4AEF-9F93-48325F66EC80}
		{8FA48D2B-D17E-4B2A-8786-38ED04E96950} = {8FA48D2B-D17E-4B2A-8786-38ED04E96950}
	EndProjectSection
EndProject
Project("{FAE04EC0-301F-11D3-BF4B-00C04F79EFBC}") = "PureDelivery.Achievments.Application", "PureDelivery.Achievments.Application\PureDelivery.Achievments.Application.csproj", "{8FA48D2B-D17E-4B2A-8786-38ED04E96950}"
EndProject
Project("{FAE04EC0-301F-11D3-BF4B-00C04F79EFBC}") = "PureDelivery.Achievments.Infrastucture", "PureDelivery.Achievments.Infrastucture\PureDelivery.Achievments.Infrastucture.csproj", "{33C59698-9A95-4AEF-9F93-48325F66EC80}"
EndProject
Global
	GlobalSection(SolutionConfigurationPlatforms) = preSolution
		Debug|Any CPU = Debug|Any CPU
		Release|Any CPU = Release|Any CPU
	EndGlobalSection
	GlobalSection(ProjectConfigurationPlatforms) = postSolution
		{732F9F1E-4FBA-4C0A-90EE-CE38CCA27EE2}.Debug|Any CPU.ActiveCfg = Debug|Any CPU
		{732F9F1E-4FBA-4C0A-90EE-CE38CCA27EE2}.Debug|Any CPU.Build.0 = Debug|Any CPU
		{732F9F1E-4FBA-4C0A-90EE-CE38CCA27EE2}.Release|Any CPU.ActiveCfg = Release|Any CPU
		{732F9F1E-4FBA-4C0A-90EE-CE38CCA27EE2}.Release|Any CPU.Build.0 = Release|Any CPU
		{8FA48D2B-D17E-4B2A-8786-38ED04E96950}.Debug|Any CPU.ActiveCfg = Debug|Any CPU
		{8FA48D2B-D17E-4B2A-8786-38ED04E96950}.Debug|Any CPU.Build.0 = Debug|Any CPU
		{8FA48D2B-D17E-4B2A-8786-38ED04E96950}.Release|Any CPU.ActiveCfg = Release|Any CPU
		{8FA48D2B-D17E-4B2A-8786-38ED04E96950}.Release|Any CPU.Build.0 = Release|Any CPU
		{33C59698-9A95-4AEF-9F93-48325F66EC80}.Debug|Any CPU.ActiveCfg = Debug|Any CPU
		{33C59698-9A95-4AEF-9F93-48325F66EC80}.Debug|Any CPU.Build.0 = Debug|Any CPU
		{33C59698-9A95-4AEF-9F93-48325F66EC80}.Release|Any CPU.ActiveCfg = Release|Any CPU
		{33C59698-9A95-4AEF-9F93-48325F66EC80}.Release|Any CPU.Build.0 = Release|Any CPU
	EndGlobalSection
	GlobalSection(SolutionProperties) = preSolution
		HideSolutionNode = FALSE
	EndGlobalSection
	GlobalSection(ExtensibilityGlobals) = postSolution
		SolutionGuid = {8E5A3A22-FCB5-40F4-9C32-98933DF56995}
	EndGlobalSection
EndGlobal
